
Microsoft Visual Studio Solution File, Format Version 12.00
Project("{FAE04EC0-301F-11D3-BF4B-00C04F79EFBC}") = "lucidreams.Scripting", "lucidreams.Scripting\lucidreams.Scripting.csproj", "{D79FAEEA-735C-45E2-825D-445E42607B45}"
EndProject
Project("{FAE04EC0-301F-11D3-BF4B-00C04F79EFBC}") = "lucidreams.Scripting.Internal", "lucidreams.Scripting.Internal\lucidreams.Scripting.Internal.csproj", "{2A8412F8-5A4A-47C0-BBA9-C5DC0E2D5577}"
EndProject
Global
	GlobalSection(SolutionConfigurationPlatforms) = preSolution
		Debug|Any CPU = Debug|Any CPU
		Release|Any CPU = Release|Any CPU
	EndGlobalSection
	GlobalSection(ProjectConfigurationPlatforms) = postSolution
		{D79FAEEA-735C-45E2-825D-445E42607B45}.Debug|Any CPU.ActiveCfg = Debug|Any CPU
		{D79FAEEA-735C-45E2-825D-445E42607B45}.Debug|Any CPU.Build.0 = Debug|Any CPU
		{D79FAEEA-735C-45E2-825D-445E42607B45}.Release|Any CPU.ActiveCfg = Release|Any CPU
		{D79FAEEA-735C-45E2-825D-445E42607B45}.Release|Any CPU.Build.0 = Release|Any CPU
		{2A8412F8-5A4A-47C0-BBA9-C5DC0E2D5577}.Debug|Any CPU.ActiveCfg = Debug|Any CPU
		{2A8412F8-5A4A-47C0-BBA9-C5DC0E2D5577}.Debug|Any CPU.Build.0 = Debug|Any CPU
		{2A8412F8-5A4A-47C0-BBA9-C5DC0E2D5577}.Release|Any CPU.ActiveCfg = Release|Any CPU
		{2A8412F8-5A4A-47C0-BBA9-C5DC0E2D5577}.Release|Any CPU.Build.0 = Release|Any CPU
	EndGlobalSection
EndGlobal
