
Microsoft Visual Studio Solution File, Format Version 12.00
Project("{FAE04EC0-301F-11D3-BF4B-00C04F79EFBC}") = "BugRepro.AspNet", "BugRepro.AspNet\BugRepro.AspNet.csproj", "{C2E43C01-7823-4035-801B-33863F0028C1}"
EndProject
Project("{FAE04EC0-301F-11D3-BF4B-00C04F79EFBC}") = "BugRepro.AspNetCore", "BugRepro.AspNetCore\BugRepro.AspNetCore.csproj", "{FF997D66-6979-4C75-B55D-17E1772CA5BB}"
EndProject
Global
	GlobalSection(SolutionConfigurationPlatforms) = preSolution
		Debug|Any CPU = Debug|Any CPU
		Release|Any CPU = Release|Any CPU
	EndGlobalSection
	GlobalSection(ProjectConfigurationPlatforms) = postSolution
		{C2E43C01-7823-4035-801B-33863F0028C1}.Debug|Any CPU.ActiveCfg = Debug|Any CPU
		{C2E43C01-7823-4035-801B-33863F0028C1}.Debug|Any CPU.Build.0 = Debug|Any CPU
		{C2E43C01-7823-4035-801B-33863F0028C1}.Release|Any CPU.ActiveCfg = Release|Any CPU
		{C2E43C01-7823-4035-801B-33863F0028C1}.Release|Any CPU.Build.0 = Release|Any CPU
		{FF997D66-6979-4C75-B55D-17E1772CA5BB}.Debug|Any CPU.ActiveCfg = Debug|Any CPU
		{FF997D66-6979-4C75-B55D-17E1772CA5BB}.Debug|Any CPU.Build.0 = Debug|Any CPU
		{FF997D66-6979-4C75-B55D-17E1772CA5BB}.Release|Any CPU.ActiveCfg = Release|Any CPU
		{FF997D66-6979-4C75-B55D-17E1772CA5BB}.Release|Any CPU.Build.0 = Release|Any CPU
	EndGlobalSection
EndGlobal
