
Microsoft Visual Studio Solution File, Format Version 12.00
Project("{FAE04EC0-301F-11D3-BF4B-00C04F79EFBC}") = "siberianbot.Reversed.Psychonauts.DffReader", "siberianbot.Reversed.Psychonauts.DffReader\siberianbot.Reversed.Psychonauts.DffReader.csproj", "{0FDB0671-D892-49A0-A73B-B7F3CD5C909A}"
EndProject
Global
	GlobalSection(SolutionConfigurationPlatforms) = preSolution
		Debug|Any CPU = Debug|Any CPU
		Release|Any CPU = Release|Any CPU
	EndGlobalSection
	GlobalSection(ProjectConfigurationPlatforms) = postSolution
		{0FDB0671-D892-49A0-A73B-B7F3CD5C909A}.Debug|Any CPU.ActiveCfg = Debug|Any CPU
		{0FDB0671-D892-49A0-A73B-B7F3CD5C909A}.Debug|Any CPU.Build.0 = Debug|Any CPU
		{0FDB0671-D892-49A0-A73B-B7F3CD5C909A}.Release|Any CPU.ActiveCfg = Release|Any CPU
		{0FDB0671-D892-49A0-A73B-B7F3CD5C909A}.Release|Any CPU.Build.0 = Release|Any CPU
	EndGlobalSection
EndGlobal
